github.com/gorilla/mux v1.8.0 h1:i40aqfkR1h2SlN9hojwV5ZA91wcXFOvkdNIeFDP5koI=
github.com/gorilla/mux v1.8.0/go.mod h1:DVbg23sWSpFRCP0SfiEN6jmj59UnW/n46BH5rLB71So=
github.com/sashabaranov/go-gpt3 v0.0.0-20230112080207-81b5788cd68e h1:F+NLURcyhx2LWefyiDwLuwRzSsraL2hDyq0pPS853bo=
github.com/sashabaranov/go-gpt3 v0.0.0-20230112080207-81b5788cd68e/go.mod h1:BIZdbwdzxZbCrcKGMGH6u2eyGe1xFuX9Anmh3tCP8lQ=
